
Microsoft Visual Studio Solution File, Format Version 12.00
# Visual Studio Version 16
VisualStudioVersion = 16.0.31005.135
MinimumVisualStudioVersion = 10.0.40219.1
Project("{FAE04EC0-301F-11D3-BF4B-00C04F79EFBC}") = "SimThingCodeV2", "SimThingCodeV2.csproj", "{122D10A4-4DE2-4A9D-AD7B-424D1EFBCB08}"
EndProject
Global
	GlobalSection(SolutionConfigurationPlatforms) = preSolution
		Debug|Any CPU = Debug|Any CPU
		Release|Any CPU = Release|Any CPU
	EndGlobalSection
	GlobalSection(ProjectConfigurationPlatforms) = postSolution
		{122D10A4-4DE2-4A9D-AD7B-424D1EFBCB08}.Debug|Any CPU.ActiveCfg = Debug|Any CPU
		{122D10A4-4DE2-4A9D-AD7B-424D1EFBCB08}.Debug|Any CPU.Build.0 = Debug|Any CPU
		{122D10A4-4DE2-4A9D-AD7B-424D1EFBCB08}.Release|Any CPU.ActiveCfg = Release|Any CPU
		{122D10A4-4DE2-4A9D-AD7B-424D1EFBCB08}.Release|Any CPU.Build.0 = Release|Any CPU
	EndGlobalSection
	GlobalSection(SolutionProperties) = preSolution
		HideSolutionNode = FALSE
	EndGlobalSection
	GlobalSection(ExtensibilityGlobals) = postSolution
		SolutionGuid = {C3A44283-64D3-45A8-BDB5-1AD74B8F5A2F}
	EndGlobalSection
EndGlobal
